
Microsoft Visual Studio Solution File, Format Version 12.00
# Visual Studio Version 17
VisualStudioVersion = 17.0.32112.339
MinimumVisualStudioVersion = 10.0.40219.1
Project("{FAE04EC0-301F-11D3-BF4B-00C04F79EFBC}") = "TicTocToeGame", "TicTocToeGame.csproj", "{4A5DB144-E730-4625-B6AC-E13F5F81B45C}"
EndProject
Global
	GlobalSection(SolutionConfigurationPlatforms) = preSolution
		Debug|Any CPU = Debug|Any CPU
		Release|Any CPU = Release|Any CPU
	EndGlobalSection
	GlobalSection(ProjectConfigurationPlatforms) = postSolution
		{4A5DB144-E730-4625-B6AC-E13F5F81B45C}.Debug|Any CPU.ActiveCfg = Debug|Any CPU
		{4A5DB144-E730-4625-B6AC-E13F5F81B45C}.Debug|Any CPU.Build.0 = Debug|Any CPU
		{4A5DB144-E730-4625-B6AC-E13F5F81B45C}.Release|Any CPU.ActiveCfg = Release|Any CPU
		{4A5DB144-E730-4625-B6AC-E13F5F81B45C}.Release|Any CPU.Build.0 = Release|Any CPU
	EndGlobalSection
	GlobalSection(SolutionProperties) = preSolution
		HideSolutionNode = FALSE
	EndGlobalSection
	GlobalSection(ExtensibilityGlobals) = postSolution
		SolutionGuid = {2E849456-81D5-42E5-957D-C40F3B2917D1}
	EndGlobalSection
EndGlobal
